
Microsoft Visual Studio Solution File, Format Version 12.00
# Visual Studio 2013
VisualStudioVersion = 12.0.21005.1
MinimumVisualStudioVersion = 10.0.40219.1
Project("{FAE04EC0-301F-11D3-BF4B-00C04F79EFBC}") = "DamTanSang_2001180119_Tuan4", "DamTanSang_2001180119_Tuan4\DamTanSang_2001180119_Tuan4.csproj", "{48596559-364E-478F-B083-490273D415C6}"
EndProject
Global
	GlobalSection(SolutionConfigurationPlatforms) = preSolution
		Debug|Any CPU = Debug|Any CPU
		Release|Any CPU = Release|Any CPU
	EndGlobalSection
	GlobalSection(ProjectConfigurationPlatforms) = postSolution
		{48596559-364E-478F-B083-490273D415C6}.Debug|Any CPU.ActiveCfg = Debug|Any CPU
		{48596559-364E-478F-B083-490273D415C6}.Debug|Any CPU.Build.0 = Debug|Any CPU
		{48596559-364E-478F-B083-490273D415C6}.Release|Any CPU.ActiveCfg = Release|Any CPU
		{48596559-364E-478F-B083-490273D415C6}.Release|Any CPU.Build.0 = Release|Any CPU
	EndGlobalSection
	GlobalSection(SolutionProperties) = preSolution
		HideSolutionNode = FALSE
	EndGlobalSection
EndGlobal
